<?xml version="1.0" encoding="utf-8"?>
<Project ToolsVersion="4.0" xmlns="http://schemas.microsoft.com/developer/msbuild/2003">
  <ItemGroup>
    <Filter Include="Source Files">
      <UniqueIdentifier>{4FC737F1-C7A5-4376-A066-2A32D752A2FF}</UniqueIdentifier>
      <Extensions>cpp;c;cc;cxx;c++;cppm;ixx;def;odl;idl;hpj;bat;asm;asmx</Extensions>
    </Filter>
    <Filter Include="Header Files">
      <UniqueIdentifier>{93995380-89BD-4b04-88EB-625FBE52EBFB}</UniqueIdentifier>
      <Extensions>h;hh;hpp;hxx;h++;hm;inl;inc;ipp;xsd</Extensions>
    </Filter>
    <Filter Include="Resource Files">
      <UniqueIdentifier>{67DA6AB6-F800-4c08-8B7A-83BB121AAD01}</UniqueIdentifier>
      <Extensions>rc;ico;cur;bmp;dlg;rc2;rct;bin;rgs;gif;jpg;jpeg;jpe;resx;tiff;tif;png;wav;mfcribbon-ms</Extensions>
    </Filter>
  </ItemGroup>
  <ItemGroup>
    <ClCompile Include="Leaning\HowStringWork\example1\Main1.cpp">
      <Filter>Source Files</Filter>
    </ClCompile>
    <ClCompile Include="Main.cpp">
      <Filter>Source Files</Filter>
    </ClCompile>
    <ClCompile Include="Leaning\Pointers\example1\Main2.cpp">
      <Filter>Source Files</Filter>
    </ClCompile>
    <ClCompile Include="Leaning\Pointers\example2\Main3.cpp">
      <Filter>Source Files</Filter>
    </ClCompile>
    <ClCompile Include="Leaning\Pointers\example3\Main4.cpp">
      <Filter>Source Files</Filter>
    </ClCompile>
    <ClCompile Include="Leaning\Pointers\test\Main5.cpp">
      <Filter>Source Files</Filter>
    </ClCompile>
    <ClCompile Include="Leaning\References\example1\Main6.cpp">
      <Filter>Source Files</Filter>
    </ClCompile>
    <ClCompile Include="Leaning\References\example2\Main7.cpp">
      <Filter>Source Files</Filter>
    </ClCompile>
    <ClCompile Include="Leaning\References\example3\Main8.cpp">
      <Filter>Source Files</Filter>
    </ClCompile>
    <ClCompile Include="Leaning\References\example4\Main9.cpp">
      <Filter>Source Files</Filter>
    </ClCompile>
    <ClCompile Include="Leaning\ClassesVSStructs\example1\Main10.cpp">
      <Filter>Source Files</Filter>
    </ClCompile>
    <ClCompile Include="Leaning\HowToWriteClass\example1\Main11.cpp">
      <Filter>Source Files</Filter>
    </ClCompile>
    <ClCompile Include="Leaning\Static\example1\Main12.cpp">
      <Filter>Source Files</Filter>
    </ClCompile>
    <ClCompile Include="Leaning\Static\example1\Static.cpp">
      <Filter>Source Files</Filter>
    </ClCompile>
    <ClCompile Include="Leaning\StaticForClassesAndStruct\example1\Main13.cpp">
      <Filter>Source Files</Filter>
    </ClCompile>
    <ClCompile Include="Leaning\Constructors\exmaple1\Main14.cpp">
      <Filter>Source Files</Filter>
    </ClCompile>
    <ClCompile Include="Leaning\StaticForClassAndStruct\example1\Main15.cpp">
      <Filter>Source Files</Filter>
    </ClCompile>
    <ClCompile Include="Leaning\Enums\example1\Main16.cpp">
      <Filter>Source Files</Filter>
    </ClCompile>
    <ClCompile Include="Leaning\Enums\example2\Main17.cpp">
      <Filter>Source Files</Filter>
    </ClCompile>
    <ClCompile Include="Leaning\Enums\example3\Main18.cpp">
      <Filter>Source Files</Filter>
    </ClCompile>
    <ClCompile Include="Leaning\Destuctors\example1\Main19.cpp">
      <Filter>Source Files</Filter>
    </ClCompile>
    <ClCompile Include="Leaning\Inheritance\example1\Main20.cpp">
      <Filter>Source Files</Filter>
    </ClCompile>
    <ClCompile Include="Leaning\Inheritance\example2\Main21.cpp">
      <Filter>Source Files</Filter>
    </ClCompile>
    <ClCompile Include="Leaning\VirtualFunctions\example1\Main22.cpp">
      <Filter>Source Files</Filter>
    </ClCompile>
    <ClCompile Include="Leaning\Interfaces\example1\Main23.cpp">
      <Filter>Source Files</Filter>
    </ClCompile>
    <ClCompile Include="Leaning\Visibility\example1\Main24.cpp">
      <Filter>Source Files</Filter>
    </ClCompile>
    <ClCompile Include="Leaning\Const\example1\Main25.cpp">
      <Filter>Source Files</Filter>
    </ClCompile>
    <ClCompile Include="Leaning\Const\example2\Main26.cpp">
      <Filter>Source Files</Filter>
    </ClCompile>
    <ClCompile Include="Leaning\Const\example3\Main27.cpp">
      <Filter>Source Files</Filter>
    </ClCompile>
    <ClCompile Include="Leaning\Const\example4\Main28.cpp">
      <Filter>Source Files</Filter>
    </ClCompile>
    <ClCompile Include="Leaning\Const\example5\Main29.cpp">
      <Filter>Source Files</Filter>
    </ClCompile>
  </ItemGroup>
</Project>